
Microsoft Visual Studio Solution File, Format Version 12.00
# Visual Studio Version 17
VisualStudioVersion = 17.13.35825.156
MinimumVisualStudioVersion = 10.0.40219.1
Project("{FAE04EC0-301F-11D3-BF4B-00C04F79EFBC}") = "Amplify", "Amplify.csproj", "{5E0F10EA-2454-A6DE-1365-C809815BB0FB}"
EndProject
Global
	GlobalSection(SolutionConfigurationPlatforms) = preSolution
		Debug|Any CPU = Debug|Any CPU
		Release|Any CPU = Release|Any CPU
	EndGlobalSection
	GlobalSection(ProjectConfigurationPlatforms) = postSolution
		{5E0F10EA-2454-A6DE-1365-C809815BB0FB}.Debug|Any CPU.ActiveCfg = Debug|Any CPU
		{5E0F10EA-2454-A6DE-1365-C809815BB0FB}.Debug|Any CPU.Build.0 = Debug|Any CPU
		{5E0F10EA-2454-A6DE-1365-C809815BB0FB}.Debug|Any CPU.Deploy.0 = Debug|Any CPU
		{5E0F10EA-2454-A6DE-1365-C809815BB0FB}.Release|Any CPU.ActiveCfg = Release|Any CPU
		{5E0F10EA-2454-A6DE-1365-C809815BB0FB}.Release|Any CPU.Build.0 = Release|Any CPU
	EndGlobalSection
	GlobalSection(SolutionProperties) = preSolution
		HideSolutionNode = FALSE
	EndGlobalSection
	GlobalSection(ExtensibilityGlobals) = postSolution
		SolutionGuid = {8C1BDE49-7487-408A-BC25-93EDBE4F2C74}
	EndGlobalSection
EndGlobal
